
Microsoft Visual Studio Solution File, Format Version 12.00
# Visual Studio 2013
VisualStudioVersion = 12.0.31101.0
MinimumVisualStudioVersion = 10.0.40219.1
Project("{FAE04EC0-301F-11D3-BF4B-00C04F79EFBC}") = "CloudFoundry.VisualStudio", "src\CloudFoundry.VisualStudio\CloudFoundry.VisualStudio.csproj", "{73C656BF-A2C8-4529-B684-11C2FDDC6106}"
EndProject
Project("{2150E333-8FDC-42A3-9474-1A3956D46DE8}") = "build", "build", "{E58D8DAF-CC20-4A2E-93A5-84FAAF65A2D7}"
	ProjectSection(SolutionItems) = preProject
		build.proj = build.proj
		CodeCoverage.runsettings = CodeCoverage.runsettings
		Integration.runsettings = Integration.runsettings
		IntegrationTests.testsettings = IntegrationTests.testsettings
		Settings.StyleCop = Settings.StyleCop
	EndProjectSection
EndProject
Project("{2150E333-8FDC-42A3-9474-1A3956D46DE8}") = ".nuget", ".nuget", "{4695A2AA-26F2-4E28-B35D-B9C6CD2CFC03}"
	ProjectSection(SolutionItems) = preProject
		.nuget\NuGet.Config = .nuget\NuGet.Config
		.nuget\NuGet.exe = .nuget\NuGet.exe
		.nuget\NuGet.targets = .nuget\NuGet.targets
	EndProjectSection
EndProject
Project("{FAE04EC0-301F-11D3-BF4B-00C04F79EFBC}") = "CloudFoundry.VisualStudio.IntegrationTests", "src\CloudFoundry.VisualStudio.IntegrationTests\CloudFoundry.VisualStudio.IntegrationTests.csproj", "{F6B2643A-C2BC-4C11-8023-0082046614B5}"
EndProject
Project("{FAE04EC0-301F-11D3-BF4B-00C04F79EFBC}") = "CloudFoundry.VisualStudio.UnitTests", "src\CloudFoundry.VisualStudio.UnitTests\CloudFoundry.VisualStudio.UnitTests.csproj", "{036B199C-DA0A-4FD7-929C-BE9271BAEFC2}"
EndProject
Global
	GlobalSection(SolutionConfigurationPlatforms) = preSolution
		Debug|x86 = Debug|x86
		Release|x86 = Release|x86
	EndGlobalSection
	GlobalSection(ProjectConfigurationPlatforms) = postSolution
		{73C656BF-A2C8-4529-B684-11C2FDDC6106}.Debug|x86.ActiveCfg = Debug|x86
		{73C656BF-A2C8-4529-B684-11C2FDDC6106}.Debug|x86.Build.0 = Debug|x86
		{73C656BF-A2C8-4529-B684-11C2FDDC6106}.Release|x86.ActiveCfg = Release|x86
		{73C656BF-A2C8-4529-B684-11C2FDDC6106}.Release|x86.Build.0 = Release|x86
		{F6B2643A-C2BC-4C11-8023-0082046614B5}.Debug|x86.ActiveCfg = Debug|x86
		{F6B2643A-C2BC-4C11-8023-0082046614B5}.Debug|x86.Build.0 = Debug|x86
		{F6B2643A-C2BC-4C11-8023-0082046614B5}.Release|x86.ActiveCfg = Release|x86
		{F6B2643A-C2BC-4C11-8023-0082046614B5}.Release|x86.Build.0 = Release|x86
		{036B199C-DA0A-4FD7-929C-BE9271BAEFC2}.Debug|x86.ActiveCfg = Debug|x86
		{036B199C-DA0A-4FD7-929C-BE9271BAEFC2}.Debug|x86.Build.0 = Debug|x86
		{036B199C-DA0A-4FD7-929C-BE9271BAEFC2}.Release|x86.ActiveCfg = Release|x86
		{036B199C-DA0A-4FD7-929C-BE9271BAEFC2}.Release|x86.Build.0 = Release|x86
	EndGlobalSection
	GlobalSection(SolutionProperties) = preSolution
		HideSolutionNode = FALSE
	EndGlobalSection
EndGlobal
